
Microsoft Visual Studio Solution File, Format Version 12.00
Project("{FAE04EC0-301F-11D3-BF4B-00C04F79EFBC}") = "ToDoList_New", "ToDoList_New\ToDoList_New.csproj", "{629B46CE-49C3-4816-BE08-491A539ADCF0}"
EndProject
Global
	GlobalSection(SolutionConfigurationPlatforms) = preSolution
		Debug|Any CPU = Debug|Any CPU
		Release|Any CPU = Release|Any CPU
	EndGlobalSection
	GlobalSection(ProjectConfigurationPlatforms) = postSolution
		{629B46CE-49C3-4816-BE08-491A539ADCF0}.Debug|Any CPU.ActiveCfg = Debug|Any CPU
		{629B46CE-49C3-4816-BE08-491A539ADCF0}.Debug|Any CPU.Build.0 = Debug|Any CPU
		{629B46CE-49C3-4816-BE08-491A539ADCF0}.Release|Any CPU.ActiveCfg = Release|Any CPU
		{629B46CE-49C3-4816-BE08-491A539ADCF0}.Release|Any CPU.Build.0 = Release|Any CPU
	EndGlobalSection
EndGlobal
